
Microsoft Visual Studio Solution File, Format Version 12.00
# Visual Studio Version 16
VisualStudioVersion = 16.0.30621.155
MinimumVisualStudioVersion = 10.0.40219.1
Project("{FAE04EC0-301F-11D3-BF4B-00C04F79EFBC}") = "ConcorrenciaSincronizacao", "ConcorrenciaSincronizacao.csproj", "{BF9DE9A0-4E28-4C87-B7EF-5D1287AEF8EE}"
EndProject
Global
	GlobalSection(SolutionConfigurationPlatforms) = preSolution
		Debug|Any CPU = Debug|Any CPU
		Release|Any CPU = Release|Any CPU
	EndGlobalSection
	GlobalSection(ProjectConfigurationPlatforms) = postSolution
		{BF9DE9A0-4E28-4C87-B7EF-5D1287AEF8EE}.Debug|Any CPU.ActiveCfg = Debug|Any CPU
		{BF9DE9A0-4E28-4C87-B7EF-5D1287AEF8EE}.Debug|Any CPU.Build.0 = Debug|Any CPU
		{BF9DE9A0-4E28-4C87-B7EF-5D1287AEF8EE}.Release|Any CPU.ActiveCfg = Release|Any CPU
		{BF9DE9A0-4E28-4C87-B7EF-5D1287AEF8EE}.Release|Any CPU.Build.0 = Release|Any CPU
	EndGlobalSection
	GlobalSection(SolutionProperties) = preSolution
		HideSolutionNode = FALSE
	EndGlobalSection
	GlobalSection(ExtensibilityGlobals) = postSolution
		SolutionGuid = {4D86371A-DA2D-4929-B7CB-19DEDAB70FA4}
	EndGlobalSection
EndGlobal
