
Microsoft Visual Studio Solution File, Format Version 12.00
# Visual Studio Version 16
VisualStudioVersion = 16.0.30611.23
MinimumVisualStudioVersion = 10.0.40219.1
Project("{FAE04EC0-301F-11D3-BF4B-00C04F79EFBC}") = "ArquivosComThreads", "ArquivosComThreads.csproj", "{93B9F5A7-5211-4CF5-AA7B-1F54B44381DC}"
EndProject
Global
	GlobalSection(SolutionConfigurationPlatforms) = preSolution
		Debug|Any CPU = Debug|Any CPU
		Release|Any CPU = Release|Any CPU
	EndGlobalSection
	GlobalSection(ProjectConfigurationPlatforms) = postSolution
		{93B9F5A7-5211-4CF5-AA7B-1F54B44381DC}.Debug|Any CPU.ActiveCfg = Debug|Any CPU
		{93B9F5A7-5211-4CF5-AA7B-1F54B44381DC}.Debug|Any CPU.Build.0 = Debug|Any CPU
		{93B9F5A7-5211-4CF5-AA7B-1F54B44381DC}.Release|Any CPU.ActiveCfg = Release|Any CPU
		{93B9F5A7-5211-4CF5-AA7B-1F54B44381DC}.Release|Any CPU.Build.0 = Release|Any CPU
	EndGlobalSection
	GlobalSection(SolutionProperties) = preSolution
		HideSolutionNode = FALSE
	EndGlobalSection
	GlobalSection(ExtensibilityGlobals) = postSolution
		SolutionGuid = {D5FF8EB8-353B-4135-B965-681047224418}
	EndGlobalSection
EndGlobal
