
Microsoft Visual Studio Solution File, Format Version 12.00
# Visual Studio Version 16
VisualStudioVersion = 16.0.30503.244
MinimumVisualStudioVersion = 10.0.40219.1
Project("{FAE04EC0-301F-11D3-BF4B-00C04F79EFBC}") = "InverteVetorComThreads", "InverteVetorComThreads.csproj", "{0F0FA948-CF4B-4AE0-9279-A564A98A0CA0}"
EndProject
Global
	GlobalSection(SolutionConfigurationPlatforms) = preSolution
		Debug|Any CPU = Debug|Any CPU
		Release|Any CPU = Release|Any CPU
	EndGlobalSection
	GlobalSection(ProjectConfigurationPlatforms) = postSolution
		{0F0FA948-CF4B-4AE0-9279-A564A98A0CA0}.Debug|Any CPU.ActiveCfg = Debug|Any CPU
		{0F0FA948-CF4B-4AE0-9279-A564A98A0CA0}.Debug|Any CPU.Build.0 = Debug|Any CPU
		{0F0FA948-CF4B-4AE0-9279-A564A98A0CA0}.Release|Any CPU.ActiveCfg = Release|Any CPU
		{0F0FA948-CF4B-4AE0-9279-A564A98A0CA0}.Release|Any CPU.Build.0 = Release|Any CPU
	EndGlobalSection
	GlobalSection(SolutionProperties) = preSolution
		HideSolutionNode = FALSE
	EndGlobalSection
	GlobalSection(ExtensibilityGlobals) = postSolution
		SolutionGuid = {F007F283-DC5E-4096-932E-8C76B0356E12}
	EndGlobalSection
EndGlobal
