
Microsoft Visual Studio Solution File, Format Version 12.00
# Visual Studio Version 16
VisualStudioVersion = 16.0.30503.244
MinimumVisualStudioVersion = 10.0.40219.1
Project("{FAE04EC0-301F-11D3-BF4B-00C04F79EFBC}") = "SomaVetoresThreads", "SomaVetoresThreads.csproj", "{11743ED2-4ACD-438D-8FB9-F158194A80AF}"
EndProject
Global
	GlobalSection(SolutionConfigurationPlatforms) = preSolution
		Debug|Any CPU = Debug|Any CPU
		Release|Any CPU = Release|Any CPU
	EndGlobalSection
	GlobalSection(ProjectConfigurationPlatforms) = postSolution
		{11743ED2-4ACD-438D-8FB9-F158194A80AF}.Debug|Any CPU.ActiveCfg = Debug|Any CPU
		{11743ED2-4ACD-438D-8FB9-F158194A80AF}.Debug|Any CPU.Build.0 = Debug|Any CPU
		{11743ED2-4ACD-438D-8FB9-F158194A80AF}.Release|Any CPU.ActiveCfg = Release|Any CPU
		{11743ED2-4ACD-438D-8FB9-F158194A80AF}.Release|Any CPU.Build.0 = Release|Any CPU
	EndGlobalSection
	GlobalSection(SolutionProperties) = preSolution
		HideSolutionNode = FALSE
	EndGlobalSection
	GlobalSection(ExtensibilityGlobals) = postSolution
		SolutionGuid = {D8F5E6CB-930F-4F4D-9FBE-6113E2ABCE2F}
	EndGlobalSection
EndGlobal
