
Microsoft Visual Studio Solution File, Format Version 12.00
# Visual Studio Version 16
VisualStudioVersion = 16.0.30611.23
MinimumVisualStudioVersion = 10.0.40219.1
Project("{9A19103F-16F7-4668-BE54-9A1E7A4F7556}") = "MatrizesComThreads", "MatrizesComThreads.csproj", "{D493969B-CB9A-4983-B71B-6B38CC7669A3}"
EndProject
Global
	GlobalSection(SolutionConfigurationPlatforms) = preSolution
		Debug|Any CPU = Debug|Any CPU
		Release|Any CPU = Release|Any CPU
	EndGlobalSection
	GlobalSection(ProjectConfigurationPlatforms) = postSolution
		{D493969B-CB9A-4983-B71B-6B38CC7669A3}.Debug|Any CPU.ActiveCfg = Debug|Any CPU
		{D493969B-CB9A-4983-B71B-6B38CC7669A3}.Debug|Any CPU.Build.0 = Debug|Any CPU
		{D493969B-CB9A-4983-B71B-6B38CC7669A3}.Release|Any CPU.ActiveCfg = Release|Any CPU
		{D493969B-CB9A-4983-B71B-6B38CC7669A3}.Release|Any CPU.Build.0 = Release|Any CPU
	EndGlobalSection
	GlobalSection(SolutionProperties) = preSolution
		HideSolutionNode = FALSE
	EndGlobalSection
	GlobalSection(ExtensibilityGlobals) = postSolution
		SolutionGuid = {1D3BF673-BA4F-433C-9B4B-955ABF5425C4}
	EndGlobalSection
EndGlobal
